{
  "lockfileVersion": 1,
  "workspaces": {
    "": {
      "name": "hawkeye",
      "dependencies": {
        "tsl-umd-v5": "^1.0.6",
      },
      "devDependencies": {
        "@types/bun": "latest",
      },
      "peerDependencies": {
        "typescript": "^5",
      },
    },
  },
  "packages": {
    "@types/bun": ["@types/bun@1.2.15", "", { "dependencies": { "bun-types": "1.2.15" } }, "sha512-U1ljPdBEphF0nw1MIk0hI7kPg7dFdPyM7EenHsp6W5loNHl7zqy6JQf/RKCgnUn2KDzUpkBwHPnEJEjII594bA=="],

    "@types/node": ["@types/node@22.15.27", "", { "dependencies": { "undici-types": "~6.21.0" } }, "sha512-5fF+eu5mwihV2BeVtX5vijhdaZOfkQTATrePEaXTcKqI16LhJ7gi2/Vhd9OZM0UojcdmiOCVg5rrax+i1MdoQQ=="],

    "bun-types": ["bun-types@1.2.15", "", { "dependencies": { "@types/node": "*" } }, "sha512-NarRIaS+iOaQU1JPfyKhZm4AsUOrwUOqRNHY0XxI8GI8jYxiLXLcdjYMG9UKS+fwWasc1uw1htV9AX24dD+p4w=="],

    "debug": ["debug@4.4.1", "", { "dependencies": { "ms": "^2.1.3" } }, "sha512-KcKCqiftBJcZr++7ykoDIEwSa3XWowTfNPo92BYxjXiyYEVrUQh2aLyhxBCwww+heortUFxEJYcRzosstTEBYQ=="],

    "dgram": ["dgram@1.0.1", "", {}, "sha512-zJVFL1EWfKtE0z2VN6qfpn/a+qG1viEzcwJA0EjtzS76ONSE3sEyWBwEbo32hS4IFw/EWVuWN+8b89aPW6It2A=="],

    "ms": ["ms@2.1.3", "", {}, "sha512-6FlzubTLZG3J2a/NVCAleEhjzq5oxgHyaCU9yYXvcLsvoVaHJq/s5xXI6/XXP6tz7R9xAOtHnSO/tXtF3WRTlA=="],

    "net": ["net@1.0.2", "", {}, "sha512-kbhcj2SVVR4caaVnGLJKmlk2+f+oLkjqdKeQlmUtz6nGzOpbcobwVIeSURNgraV/v3tlmGIX82OcPCl0K6RbHQ=="],

    "tsl-umd-v5": ["tsl-umd-v5@1.0.6", "", { "dependencies": { "debug": "^4.3.2", "dgram": "^1.0.1", "net": "^1.0.2" } }, "sha512-9LLubarIHHRNHkQ8eKQ9rgXw33Q2NJYr+/AeySvi0SVn+hamyiOJaM9lyd2y0tKykxwlrZOGPaNgNvPkQLVcPQ=="],

    "typescript": ["typescript@5.8.3", "", { "bin": { "tsc": "bin/tsc", "tsserver": "bin/tsserver" } }, "sha512-p1diW6TqL9L07nNxvRMM7hMMw4c5XOo/1ibL4aAIGmSAt9slTE1Xgw5KWuof2uTOvCg9BY7ZRi+GaF+7sfgPeQ=="],

    "undici-types": ["undici-types@6.21.0", "", {}, "sha512-iwDZqg0QAGrg9Rav5H4n0M64c3mkR59cJ6wQp+7C4nI0gsmExaedaYLNO44eT4AtBBwjbTiGPMlt2Md0T9H9JQ=="],
  }
}
